<?xml version="1.0" encoding="utf-8"?>
<Project ToolsVersion="4.0" xmlns="http://schemas.microsoft.com/developer/msbuild/2003">
  <ItemGroup>
    <Filter Include="Source Files">
      <UniqueIdentifier>{4FC737F1-C7A5-4376-A066-2A32D752A2FF}</UniqueIdentifier>
      <Extensions>cpp;c;cc;cxx;def;odl;idl;hpj;bat;asm;asmx</Extensions>
    </Filter>
    <Filter Include="Header Files">
      <UniqueIdentifier>{93995380-89BD-4b04-88EB-625FBE52EBFB}</UniqueIdentifier>
      <Extensions>h;hpp;hxx;hm;inl;inc;xsd</Extensions>
    </Filter>
    <Filter Include="Resource Files">
      <UniqueIdentifier>{67DA6AB6-F800-4c08-8B7A-83BB121AAD01}</UniqueIdentifier>
      <Extensions>rc;ico;cur;bmp;dlg;rc2;rct;bin;rgs;gif;jpg;jpeg;jpe;resx;tiff;tif;png;wav;mfcribbon-ms</Extensions>
    </Filter>
    <Filter Include="Shaders">
      <UniqueIdentifier>{0a1e4ea0-b53e-4a7f-9525-9911032610f6}</UniqueIdentifier>
    </Filter>
    <Filter Include="Utils">
      <UniqueIdentifier>{f86e5892-d714-4ab9-821c-cc19fa982d8d}</UniqueIdentifier>
    </Filter>
    <Filter Include="Utils\Helpers">
      <UniqueIdentifier>{4ea6841d-ce53-4df4-a2c3-aec7ee013f35}</UniqueIdentifier>
    </Filter>
    <Filter Include="Utils\Helpers\Math">
      <UniqueIdentifier>{430eaa2f-a1a3-48d4-a87d-149ca581ce3b}</UniqueIdentifier>
    </Filter>
    <Filter Include="Utils\Helpers\Loader">
      <UniqueIdentifier>{8d8e5bb4-09ea-4862-a3c2-a689ec408e1a}</UniqueIdentifier>
    </Filter>
    <Filter Include="Utils\GL_Wrapper">
      <UniqueIdentifier>{1b6bc438-24b4-42ab-a842-c7981880100c}</UniqueIdentifier>
    </Filter>
    <Filter Include="Widgets">
      <UniqueIdentifier>{29cbe037-82c4-4b16-9ab4-220d94294a6d}</UniqueIdentifier>
    </Filter>
    <Filter Include="PhysX">
      <UniqueIdentifier>{2afc7b65-a91f-416c-b7e9-b5f2d7ff4df2}</UniqueIdentifier>
    </Filter>
    <Filter Include="Shaders\Debug">
      <UniqueIdentifier>{595114fe-179f-4b34-bb9d-bb8eb728a7c8}</UniqueIdentifier>
    </Filter>
    <Filter Include="Shaders\Helper">
      <UniqueIdentifier>{2db0d3cf-8a45-4e51-ae29-0de1704a05b3}</UniqueIdentifier>
    </Filter>
    <Filter Include="Shaders\Particles">
      <UniqueIdentifier>{47582643-25d3-4ae3-9aec-dac073bebcc3}</UniqueIdentifier>
    </Filter>
    <Filter Include="Shaders\Deferred">
      <UniqueIdentifier>{6ea1ebfa-d824-4fac-af37-6dc5c1f7d8ff}</UniqueIdentifier>
    </Filter>
    <Filter Include="Utils\Particle">
      <UniqueIdentifier>{1ff1bb3b-a7ac-43f2-b2ed-60b20a5cf2d7}</UniqueIdentifier>
    </Filter>
  </ItemGroup>
  <ItemGroup>
    <ClCompile Include="MyApp.cpp">
      <Filter>Source Files</Filter>
    </ClCompile>
    <ClCompile Include="stb_image.cpp">
      <Filter>Source Files</Filter>
    </ClCompile>
    <ClCompile Include="Bezier.cpp">
      <Filter>Utils\Helpers\Math</Filter>
    </ClCompile>
    <ClCompile Include="FrustumG.cpp">
      <Filter>Utils\Helpers\Math</Filter>
    </ClCompile>
    <ClCompile Include="Mesh_OGL3.cpp">
      <Filter>Utils\Helpers\Loader</Filter>
    </ClCompile>
    <ClCompile Include="ObjParser_OGL3.cpp">
      <Filter>Utils\Helpers\Loader</Filter>
    </ClCompile>
    <ClCompile Include="gShaderProgram.cpp">
      <Filter>Utils\GL_Wrapper</Filter>
    </ClCompile>
    <ClCompile Include="gVertexBuffer.cpp">
      <Filter>Utils\GL_Wrapper</Filter>
    </ClCompile>
    <ClCompile Include="main.cpp">
      <Filter>Source Files</Filter>
    </ClCompile>
    <ClCompile Include="ChunkManager.cpp">
      <Filter>Utils\Helpers</Filter>
    </ClCompile>
    <ClCompile Include="T:\OGLPack\include\noise\noiseutils.cpp">
      <Filter>Source Files</Filter>
    </ClCompile>
  </ItemGroup>
  <ItemGroup>
    <ClInclude Include="Light.h">
      <Filter>Utils\Helpers</Filter>
    </ClInclude>
    <ClInclude Include="Geometry.h">
      <Filter>Utils\Helpers</Filter>
    </ClInclude>
    <ClInclude Include="GameObjects.h">
      <Filter>Utils\Helpers</Filter>
    </ClInclude>
    <ClInclude Include="Material.h">
      <Filter>Utils\Helpers</Filter>
    </ClInclude>
    <ClInclude Include="Bezier.h">
      <Filter>Utils\Helpers\Math</Filter>
    </ClInclude>
    <ClInclude Include="FrustumG.h">
      <Filter>Utils\Helpers\Math</Filter>
    </ClInclude>
    <ClInclude Include="AssimpMesh.h">
      <Filter>Utils\Helpers\Loader</Filter>
    </ClInclude>
    <ClInclude Include="AssimpModel.h">
      <Filter>Utils\Helpers\Loader</Filter>
    </ClInclude>
    <ClInclude Include="Mesh_OGL3.h">
      <Filter>Utils\Helpers\Loader</Filter>
    </ClInclude>
    <ClInclude Include="ObjParser_OGL3.h">
      <Filter>Utils\Helpers\Loader</Filter>
    </ClInclude>
    <ClInclude Include="gShaderProgram.h">
      <Filter>Utils\GL_Wrapper</Filter>
    </ClInclude>
    <ClInclude Include="gVertexBuffer.h">
      <Filter>Utils\GL_Wrapper</Filter>
    </ClInclude>
    <ClInclude Include="MyApp.h">
      <Filter>Source Files</Filter>
    </ClInclude>
    <ClInclude Include="Defs.h">
      <Filter>Header Files</Filter>
    </ClInclude>
    <ClInclude Include="glFrameBuffer.h">
      <Filter>Utils\GL_Wrapper</Filter>
    </ClInclude>
    <ClInclude Include="ChunkManager.h">
      <Filter>Utils\Helpers</Filter>
    </ClInclude>
    <ClInclude Include="Widgets.h">
      <Filter>Widgets</Filter>
    </ClInclude>
    <ClInclude Include="TextRenderer.h">
      <Filter>Widgets</Filter>
    </ClInclude>
    <ClInclude Include="PhysX.h">
      <Filter>PhysX</Filter>
    </ClInclude>
    <ClInclude Include="Controller.h">
      <Filter>Utils</Filter>
    </ClInclude>
    <ClInclude Include="GeometryCreator.h">
      <Filter>Utils\Helpers\Loader</Filter>
    </ClInclude>
    <ClInclude Include="UtilConverters.h">
      <Filter>Utils\Helpers</Filter>
    </ClInclude>
    <ClInclude Include="UtilEngine.h">
      <Filter>Utils\Helpers</Filter>
    </ClInclude>
    <ClInclude Include="UIRenderer.h">
      <Filter>Widgets</Filter>
    </ClInclude>
    <ClInclude Include="Camera.h">
      <Filter>Utils\Helpers</Filter>
    </ClInclude>
    <ClInclude Include="glmIncluder.h">
      <Filter>Utils\Helpers\Math</Filter>
    </ClInclude>
    <ClInclude Include="Renderers.h">
      <Filter>Utils</Filter>
    </ClInclude>
    <ClInclude Include="WrapperStructs.h">
      <Filter>Utils\Helpers</Filter>
    </ClInclude>
    <ClInclude Include="Interfaces.h">
      <Filter>Utils</Filter>
    </ClInclude>
    <ClInclude Include="PxJump.h">
      <Filter>PhysX</Filter>
    </ClInclude>
    <ClInclude Include="PxController.h">
      <Filter>PhysX</Filter>
    </ClInclude>
    <ClInclude Include="GLFXShaderManager.h">
      <Filter>Utils\GL_Wrapper</Filter>
    </ClInclude>
    <ClInclude Include="WaterRenderer.h">
      <Filter>Utils</Filter>
    </ClInclude>
    <ClInclude Include="HeightMapGenerators.h">
      <Filter>Utils</Filter>
    </ClInclude>
    <ClInclude Include="Ray.h">
      <Filter>Utils\Helpers\Math</Filter>
    </ClInclude>
    <ClInclude Include="Events.h">
      <Filter>Header Files</Filter>
    </ClInclude>
    <ClInclude Include="LocationDefinitions.h">
      <Filter>Utils\Helpers</Filter>
    </ClInclude>
    <ClInclude Include="glmExtension.h">
      <Filter>Utils\Helpers\Math</Filter>
    </ClInclude>
    <ClInclude Include="glQuery.h">
      <Filter>Utils\GL_Wrapper</Filter>
    </ClInclude>
    <ClInclude Include="Particles.h">
      <Filter>Utils\Particle</Filter>
    </ClInclude>
    <ClInclude Include="FireworkParticle.h">
      <Filter>Utils\Particle</Filter>
    </ClInclude>
  </ItemGroup>
  <ItemGroup>
    <None Include="ClassDiagram.cd" />
    <None Include="Shaders\quadTexturer.vert">
      <Filter>Shaders\Debug</Filter>
    </None>
    <None Include="Shaders\quadTexturer.frag">
      <Filter>Shaders\Debug</Filter>
    </None>
    <None Include="Shaders\normalDrawer.frag">
      <Filter>Shaders\Debug</Filter>
    </None>
    <None Include="Shaders\normalDrawer.geom">
      <Filter>Shaders\Debug</Filter>
    </None>
    <None Include="Shaders\boundingBoxShader.frag">
      <Filter>Shaders\Helper</Filter>
    </None>
    <None Include="Shaders\boundingBoxShader.vert">
      <Filter>Shaders\Helper</Filter>
    </None>
    <None Include="Shaders\frustumVisualizer.frag">
      <Filter>Shaders\Helper</Filter>
    </None>
    <None Include="Shaders\frustumVisualizer.vert">
      <Filter>Shaders\Helper</Filter>
    </None>
    <None Include="Shaders\LightVisualizer.frag">
      <Filter>Shaders\Helper</Filter>
    </None>
    <None Include="Shaders\LightVisualizer.vert">
      <Filter>Shaders\Helper</Filter>
    </None>
    <None Include="Shaders\shadowShader.frag">
      <Filter>Shaders\Helper</Filter>
    </None>
    <None Include="Shaders\shadowShader.vert">
      <Filter>Shaders\Helper</Filter>
    </None>
    <None Include="Shaders\skybox.frag">
      <Filter>Shaders\Helper</Filter>
    </None>
    <None Include="Shaders\skybox.vert">
      <Filter>Shaders\Helper</Filter>
    </None>
    <None Include="Shaders\InstancedDrawer.frag">
      <Filter>Shaders</Filter>
    </None>
    <None Include="Shaders\InstancedDrawer.vert">
      <Filter>Shaders</Filter>
    </None>
    <None Include="Shaders\simpleShader.vert">
      <Filter>Shaders</Filter>
    </None>
    <None Include="Shaders\simpleShader.frag">
      <Filter>Shaders</Filter>
    </None>
    <None Include="Shaders\waterRenderer.frag">
      <Filter>Shaders</Filter>
    </None>
    <None Include="Shaders\waterRenderer.vert">
      <Filter>Shaders</Filter>
    </None>
    <None Include="Shaders\particleUpdate.geom">
      <Filter>Shaders\Particles</Filter>
    </None>
    <None Include="Shaders\particleUpdate.vert">
      <Filter>Shaders\Particles</Filter>
    </None>
    <None Include="Shaders\particleDrawer.vert">
      <Filter>Shaders\Particles</Filter>
    </None>
    <None Include="Shaders\particleDrawer.frag">
      <Filter>Shaders\Particles</Filter>
    </None>
    <None Include="Shaders\deferredShader.frag">
      <Filter>Shaders\Deferred</Filter>
    </None>
    <None Include="Shaders\deferredShader.vert">
      <Filter>Shaders\Deferred</Filter>
    </None>
    <None Include="Shaders\deferredLightPass.frag">
      <Filter>Shaders\Deferred</Filter>
    </None>
    <None Include="Shaders\coordVisualizer.frag">
      <Filter>Shaders\Debug</Filter>
    </None>
    <None Include="Shaders\coordVisualizer.vert">
      <Filter>Shaders\Debug</Filter>
    </None>
    <None Include="Shaders\quadTexturerInstanced.frag">
      <Filter>Shaders\Debug</Filter>
    </None>
    <None Include="Shaders\quadTexturerInstanced.vert">
      <Filter>Shaders\Debug</Filter>
    </None>
  </ItemGroup>
</Project>